
Microsoft Visual Studio Solution File, Format Version 12.00
# Visual Studio 15
VisualStudioVersion = 15.0.28010.2016
MinimumVisualStudioVersion = 10.0.40219.1
Project("{8BC9CEB8-8B4A-11D0-8D11-00A0C91BC942}") = "cppt-utils-qt-tests", "msvs_qt_tests\cppt-tests.vcxproj", "{65F7E630-F3EA-4D15-A5AD-2B0D05BF00F5}"
EndProject
Project("{8BC9CEB8-8B4A-11D0-8D11-00A0C91BC942}") = "cppt-utils-tests", "msvs_tests\cppt-utils-tests.vcxproj", "{CC12D78A-0992-42A2-9268-BC74A8F65166}"
EndProject
Global
	GlobalSection(SolutionConfigurationPlatforms) = preSolution
		Debug|x64 = Debug|x64
		Debug|x86 = Debug|x86
		Release|x64 = Release|x64
		Release|x86 = Release|x86
	EndGlobalSection
	GlobalSection(ProjectConfigurationPlatforms) = postSolution
		{65F7E630-F3EA-4D15-A5AD-2B0D05BF00F5}.Debug|x64.ActiveCfg = Debug|x64
		{65F7E630-F3EA-4D15-A5AD-2B0D05BF00F5}.Debug|x64.Build.0 = Debug|x64
		{65F7E630-F3EA-4D15-A5AD-2B0D05BF00F5}.Debug|x86.ActiveCfg = Debug|x64
		{65F7E630-F3EA-4D15-A5AD-2B0D05BF00F5}.Release|x64.ActiveCfg = Release|x64
		{65F7E630-F3EA-4D15-A5AD-2B0D05BF00F5}.Release|x64.Build.0 = Release|x64
		{65F7E630-F3EA-4D15-A5AD-2B0D05BF00F5}.Release|x86.ActiveCfg = Release|x64
		{CC12D78A-0992-42A2-9268-BC74A8F65166}.Debug|x64.ActiveCfg = Debug|x64
		{CC12D78A-0992-42A2-9268-BC74A8F65166}.Debug|x64.Build.0 = Debug|x64
		{CC12D78A-0992-42A2-9268-BC74A8F65166}.Debug|x86.ActiveCfg = Debug|Win32
		{CC12D78A-0992-42A2-9268-BC74A8F65166}.Debug|x86.Build.0 = Debug|Win32
		{CC12D78A-0992-42A2-9268-BC74A8F65166}.Release|x64.ActiveCfg = Release|x64
		{CC12D78A-0992-42A2-9268-BC74A8F65166}.Release|x64.Build.0 = Release|x64
		{CC12D78A-0992-42A2-9268-BC74A8F65166}.Release|x86.ActiveCfg = Release|Win32
		{CC12D78A-0992-42A2-9268-BC74A8F65166}.Release|x86.Build.0 = Release|Win32
	EndGlobalSection
	GlobalSection(SolutionProperties) = preSolution
		HideSolutionNode = FALSE
	EndGlobalSection
	GlobalSection(ExtensibilityGlobals) = postSolution
		SolutionGuid = {FDE32412-8B28-43C4-94B7-95E9B10FBDE5}
	EndGlobalSection
EndGlobal
